
Microsoft Visual Studio Solution File, Format Version 12.00
# Visual Studio Version 16
VisualStudioVersion = 16.0.31313.79
MinimumVisualStudioVersion = 10.0.40219.1
Project("{9A19103F-16F7-4668-BE54-9A1E7A4F7556}") = "ClassLibrary", "ClassLibrary\ClassLibrary.csproj", "{20ECE274-FEEF-4B42-8180-9619F74A877A}"
EndProject
Project("{9A19103F-16F7-4668-BE54-9A1E7A4F7556}") = "BTreeTest", "BTreeTest\BTreeTest.csproj", "{C37977EE-E0EF-4A1A-B686-3EE3F78B6E07}"
EndProject
Project("{FAE04EC0-301F-11D3-BF4B-00C04F79EFBC}") = "api", "api\api.csproj", "{D02984FA-374D-405A-B34A-77BAF9C9C066}"
EndProject
Global
	GlobalSection(SolutionConfigurationPlatforms) = preSolution
		Debug|Any CPU = Debug|Any CPU
		Release|Any CPU = Release|Any CPU
	EndGlobalSection
	GlobalSection(ProjectConfigurationPlatforms) = postSolution
		{20ECE274-FEEF-4B42-8180-9619F74A877A}.Debug|Any CPU.ActiveCfg = Debug|Any CPU
		{20ECE274-FEEF-4B42-8180-9619F74A877A}.Debug|Any CPU.Build.0 = Debug|Any CPU
		{20ECE274-FEEF-4B42-8180-9619F74A877A}.Release|Any CPU.ActiveCfg = Release|Any CPU
		{20ECE274-FEEF-4B42-8180-9619F74A877A}.Release|Any CPU.Build.0 = Release|Any CPU
		{C37977EE-E0EF-4A1A-B686-3EE3F78B6E07}.Debug|Any CPU.ActiveCfg = Debug|Any CPU
		{C37977EE-E0EF-4A1A-B686-3EE3F78B6E07}.Debug|Any CPU.Build.0 = Debug|Any CPU
		{C37977EE-E0EF-4A1A-B686-3EE3F78B6E07}.Release|Any CPU.ActiveCfg = Release|Any CPU
		{C37977EE-E0EF-4A1A-B686-3EE3F78B6E07}.Release|Any CPU.Build.0 = Release|Any CPU
		{D02984FA-374D-405A-B34A-77BAF9C9C066}.Debug|Any CPU.ActiveCfg = Debug|Any CPU
		{D02984FA-374D-405A-B34A-77BAF9C9C066}.Debug|Any CPU.Build.0 = Debug|Any CPU
		{D02984FA-374D-405A-B34A-77BAF9C9C066}.Release|Any CPU.ActiveCfg = Release|Any CPU
		{D02984FA-374D-405A-B34A-77BAF9C9C066}.Release|Any CPU.Build.0 = Release|Any CPU
	EndGlobalSection
	GlobalSection(SolutionProperties) = preSolution
		HideSolutionNode = FALSE
	EndGlobalSection
	GlobalSection(ExtensibilityGlobals) = postSolution
		SolutionGuid = {D894ECFA-D53F-40F1-9885-1B153744EEEA}
	EndGlobalSection
EndGlobal
