
Microsoft Visual Studio Solution File, Format Version 12.00
# Visual Studio Version 16
VisualStudioVersion = 16.0.31313.79
MinimumVisualStudioVersion = 10.0.40219.1
Project("{FAE04EC0-301F-11D3-BF4B-00C04F79EFBC}") = "Laboratorio1_ED2", "Laboratorio1_ED2\Laboratorio1_ED2.csproj", "{4BA2D73B-5EE1-40C9-BCAF-37E014019AF0}"
EndProject
Project("{FAE04EC0-301F-11D3-BF4B-00C04F79EFBC}") = "ClassLibrary", "ClassLibrary\ClassLibrary.csproj", "{20ECE274-FEEF-4B42-8180-9619F74A877A}"
EndProject
Project("{FAE04EC0-301F-11D3-BF4B-00C04F79EFBC}") = "BTreeTest", "BTreeTest\BTreeTest.csproj", "{C37977EE-E0EF-4A1A-B686-3EE3F78B6E07}"
EndProject
Global
	GlobalSection(SolutionConfigurationPlatforms) = preSolution
		Debug|Any CPU = Debug|Any CPU
		Release|Any CPU = Release|Any CPU
	EndGlobalSection
	GlobalSection(ProjectConfigurationPlatforms) = postSolution
		{4BA2D73B-5EE1-40C9-BCAF-37E014019AF0}.Debug|Any CPU.ActiveCfg = Debug|Any CPU
		{4BA2D73B-5EE1-40C9-BCAF-37E014019AF0}.Debug|Any CPU.Build.0 = Debug|Any CPU
		{4BA2D73B-5EE1-40C9-BCAF-37E014019AF0}.Release|Any CPU.ActiveCfg = Release|Any CPU
		{4BA2D73B-5EE1-40C9-BCAF-37E014019AF0}.Release|Any CPU.Build.0 = Release|Any CPU
		{20ECE274-FEEF-4B42-8180-9619F74A877A}.Debug|Any CPU.ActiveCfg = Debug|Any CPU
		{20ECE274-FEEF-4B42-8180-9619F74A877A}.Debug|Any CPU.Build.0 = Debug|Any CPU
		{20ECE274-FEEF-4B42-8180-9619F74A877A}.Release|Any CPU.ActiveCfg = Release|Any CPU
		{20ECE274-FEEF-4B42-8180-9619F74A877A}.Release|Any CPU.Build.0 = Release|Any CPU
		{C37977EE-E0EF-4A1A-B686-3EE3F78B6E07}.Debug|Any CPU.ActiveCfg = Debug|Any CPU
		{C37977EE-E0EF-4A1A-B686-3EE3F78B6E07}.Debug|Any CPU.Build.0 = Debug|Any CPU
		{C37977EE-E0EF-4A1A-B686-3EE3F78B6E07}.Release|Any CPU.ActiveCfg = Release|Any CPU
		{C37977EE-E0EF-4A1A-B686-3EE3F78B6E07}.Release|Any CPU.Build.0 = Release|Any CPU
	EndGlobalSection
	GlobalSection(SolutionProperties) = preSolution
		HideSolutionNode = FALSE
	EndGlobalSection
	GlobalSection(ExtensibilityGlobals) = postSolution
		SolutionGuid = {D894ECFA-D53F-40F1-9885-1B153744EEEA}
	EndGlobalSection
EndGlobal
